// !$*UTF8*$!
{
	archiveVersion = 1;
	classes = {
	};
	objectVersion = 46;
	objects = {

/* Begin PBXBuildFile section */
		C478698C1ECBFC40006A55B5 /* UIButton+BAKit.m in Sources */ = {isa = PBXBuildFile; fileRef = C478698B1ECBFC40006A55B5 /* UIButton+BAKit.m */; };
		C4FD44DA1CB26F9000D1B0DB /* main.m in Sources */ = {isa = PBXBuildFile; fileRef = C4FD44D91CB26F9000D1B0DB /* main.m */; };
		C4FD44DD1CB26F9000D1B0DB /* AppDelegate.m in Sources */ = {isa = PBXBuildFile; fileRef = C4FD44DC1CB26F9000D1B0DB /* AppDelegate.m */; };
		C4FD44E01CB26F9000D1B0DB /* ViewController.m in Sources */ = {isa = PBXBuildFile; fileRef = C4FD44DF1CB26F9000D1B0DB /* ViewController.m */; };
		C4FD44E31CB26F9000D1B0DB /* Main.storyboard in Resources */ = {isa = PBXBuildFile; fileRef = C4FD44E11CB26F9000D1B0DB /* Main.storyboard */; };
		C4FD44E51CB26F9000D1B0DB /* Assets.xcassets in Resources */ = {isa = PBXBuildFile; fileRef = C4FD44E41CB26F9000D1B0DB /* Assets.xcassets */; };
		C4FD44E81CB26F9000D1B0DB /* LaunchScreen.storyboard in Resources */ = {isa = PBXBuildFile; fileRef = C4FD44E61CB26F9000D1B0DB /* LaunchScreen.storyboard */; };
		C4FD44F31CB26F9000D1B0DB /* BAButtonDemoTests.m in Sources */ = {isa = PBXBuildFile; fileRef = C4FD44F21CB26F9000D1B0DB /* BAButtonDemoTests.m */; };
		C4FD44FE1CB26F9000D1B0DB /* BAButtonDemoUITests.m in Sources */ = {isa = PBXBuildFile; fileRef = C4FD44FD1CB26F9000D1B0DB /* BAButtonDemoUITests.m */; };
		C4FD45121CB2A52700D1B0DB /* BAButton.m in Sources */ = {isa = PBXBuildFile; fileRef = C4FD45101CB2A52700D1B0DB /* BAButton.m */; };
/* End PBXBuildFile section */

/* Begin PBXContainerItemProxy section */
		C4FD44EF1CB26F9000D1B0DB /* PBXContainerItemProxy */ = {
			isa = PBXContainerItemProxy;
			containerPortal = C4FD44CD1CB26F9000D1B0DB /* Project object */;
			proxyType = 1;
			remoteGlobalIDString = C4FD44D41CB26F9000D1B0DB;
			remoteInfo = BAButtonDemo;
		};
		C4FD44FA1CB26F9000D1B0DB /* PBXContainerItemProxy */ = {
			isa = PBXContainerItemProxy;
			containerPortal = C4FD44CD1CB26F9000D1B0DB /* Project object */;
			proxyType = 1;
			remoteGlobalIDString = C4FD44D41CB26F9000D1B0DB;
			remoteInfo = BAButtonDemo;
		};
/* End PBXContainerItemProxy section */

/* Begin PBXFileReference section */
		C478698A1ECBFC40006A55B5 /* UIButton+BAKit.h */ = {isa = PBXFileReference; fileEncoding = 4; lastKnownFileType = sourcecode.c.h; path = "UIButton+BAKit.h"; sourceTree = "<group>"; };
		C478698B1ECBFC40006A55B5 /* UIButton+BAKit.m */ = {isa = PBXFileReference; fileEncoding = 4; lastKnownFileType = sourcecode.c.objc; path = "UIButton+BAKit.m"; sourceTree = "<group>"; };
		C4FD44D51CB26F9000D1B0DB /* BAButtonDemo.app */ = {isa = PBXFileReference; explicitFileType = wrapper.application; includeInIndex = 0; path = BAButtonDemo.app; sourceTree = BUILT_PRODUCTS_DIR; };
		C4FD44D91CB26F9000D1B0DB /* main.m */ = {isa = PBXFileReference; lastKnownFileType = sourcecode.c.objc; path = main.m; sourceTree = "<group>"; };
		C4FD44DB1CB26F9000D1B0DB /* AppDelegate.h */ = {isa = PBXFileReference; lastKnownFileType = sourcecode.c.h; path = AppDelegate.h; sourceTree = "<group>"; };
		C4FD44DC1CB26F9000D1B0DB /* AppDelegate.m */ = {isa = PBXFileReference; lastKnownFileType = sourcecode.c.objc; path = AppDelegate.m; sourceTree = "<group>"; };
		C4FD44DE1CB26F9000D1B0DB /* ViewController.h */ = {isa = PBXFileReference; lastKnownFileType = sourcecode.c.h; path = ViewController.h; sourceTree = "<group>"; };
		C4FD44DF1CB26F9000D1B0DB /* ViewController.m */ = {isa = PBXFileReference; lastKnownFileType = sourcecode.c.objc; path = ViewController.m; sourceTree = "<group>"; };
		C4FD44E21CB26F9000D1B0DB /* Base */ = {isa = PBXFileReference; lastKnownFileType = file.storyboard; name = Base; path = Base.lproj/Main.storyboard; sourceTree = "<group>"; };
		C4FD44E41CB26F9000D1B0DB /* Assets.xcassets */ = {isa = PBXFileReference; lastKnownFileType = folder.assetcatalog; path = Assets.xcassets; sourceTree = "<group>"; };
		C4FD44E71CB26F9000D1B0DB /* Base */ = {isa = PBXFileReference; lastKnownFileType = file.storyboard; name = Base; path = Base.lproj/LaunchScreen.storyboard; sourceTree = "<group>"; };
		C4FD44E91CB26F9000D1B0DB /* Info.plist */ = {isa = PBXFileReference; lastKnownFileType = text.plist.xml; path = Info.plist; sourceTree = "<group>"; };
		C4FD44EE1CB26F9000D1B0DB /* BAButtonDemoTests.xctest */ = {isa = PBXFileReference; explicitFileType = wrapper.cfbundle; includeInIndex = 0; path = BAButtonDemoTests.xctest; sourceTree = BUILT_PRODUCTS_DIR; };
		C4FD44F21CB26F9000D1B0DB /* BAButtonDemoTests.m */ = {isa = PBXFileReference; lastKnownFileType = sourcecode.c.objc; path = BAButtonDemoTests.m; sourceTree = "<group>"; };
		C4FD44F41CB26F9000D1B0DB /* Info.plist */ = {isa = PBXFileReference; lastKnownFileType = text.plist.xml; path = Info.plist; sourceTree = "<group>"; };
		C4FD44F91CB26F9000D1B0DB /* BAButtonDemoUITests.xctest */ = {isa = PBXFileReference; explicitFileType = wrapper.cfbundle; includeInIndex = 0; path = BAButtonDemoUITests.xctest; sourceTree = BUILT_PRODUCTS_DIR; };
		C4FD44FD1CB26F9000D1B0DB /* BAButtonDemoUITests.m */ = {isa = PBXFileReference; lastKnownFileType = sourcecode.c.objc; path = BAButtonDemoUITests.m; sourceTree = "<group>"; };
		C4FD44FF1CB26F9000D1B0DB /* Info.plist */ = {isa = PBXFileReference; lastKnownFileType = text.plist.xml; path = Info.plist; sourceTree = "<group>"; };
		C4FD45101CB2A52700D1B0DB /* BAButton.m */ = {isa = PBXFileReference; fileEncoding = 4; lastKnownFileType = sourcecode.c.objc; path = BAButton.m; sourceTree = "<group>"; };
		C4FD45111CB2A52700D1B0DB /* BAButton.h */ = {isa = PBXFileReference; fileEncoding = 4; lastKnownFileType = sourcecode.c.h; path = BAButton.h; sourceTree = "<group>"; };
/* End PBXFileReference section */

/* Begin PBXFrameworksBuildPhase section */
		C4FD44D21CB26F9000D1B0DB /* Frameworks */ = {
			isa = PBXFrameworksBuildPhase;
			buildActionMask = 2147483647;
			files = (
			);
			runOnlyForDeploymentPostprocessing = 0;
		};
		C4FD44EB1CB26F9000D1B0DB /* Frameworks */ = {
			isa = PBXFrameworksBuildPhase;
			buildActionMask = 2147483647;
			files = (
			);
			runOnlyForDeploymentPostprocessing = 0;
		};
		C4FD44F61CB26F9000D1B0DB /* Frameworks */ = {
			isa = PBXFrameworksBuildPhase;
			buildActionMask = 2147483647;
			files = (
			);
			runOnlyForDeploymentPostprocessing = 0;
		};
/* End PBXFrameworksBuildPhase section */

/* Begin PBXGroup section */
		C4FD44CC1CB26F9000D1B0DB = {
			isa = PBXGroup;
			children = (
				C4FD450F1CB2A50700D1B0DB /* BAButton */,
				C4FD44D71CB26F9000D1B0DB /* BAButtonDemo */,
				C4FD44F11CB26F9000D1B0DB /* BAButtonDemoTests */,
				C4FD44FC1CB26F9000D1B0DB /* BAButtonDemoUITests */,
				C4FD44D61CB26F9000D1B0DB /* Products */,
			);
			sourceTree = "<group>";
		};
		C4FD44D61CB26F9000D1B0DB /* Products */ = {
			isa = PBXGroup;
			children = (
				C4FD44D51CB26F9000D1B0DB /* BAButtonDemo.app */,
				C4FD44EE1CB26F9000D1B0DB /* BAButtonDemoTests.xctest */,
				C4FD44F91CB26F9000D1B0DB /* BAButtonDemoUITests.xctest */,
			);
			name = Products;
			sourceTree = "<group>";
		};
		C4FD44D71CB26F9000D1B0DB /* BAButtonDemo */ = {
			isa = PBXGroup;
			children = (
				C4FD44DB1CB26F9000D1B0DB /* AppDelegate.h */,
				C4FD44DC1CB26F9000D1B0DB /* AppDelegate.m */,
				C4FD44DE1CB26F9000D1B0DB /* ViewController.h */,
				C4FD44DF1CB26F9000D1B0DB /* ViewController.m */,
				C4FD44E11CB26F9000D1B0DB /* Main.storyboard */,
				C4FD44E41CB26F9000D1B0DB /* Assets.xcassets */,
				C4FD44E61CB26F9000D1B0DB /* LaunchScreen.storyboard */,
				C4FD44E91CB26F9000D1B0DB /* Info.plist */,
				C4FD44D81CB26F9000D1B0DB /* Supporting Files */,
			);
			path = BAButtonDemo;
			sourceTree = "<group>";
		};
		C4FD44D81CB26F9000D1B0DB /* Supporting Files */ = {
			isa = PBXGroup;
			children = (
				C4FD44D91CB26F9000D1B0DB /* main.m */,
			);
			name = "Supporting Files";
			sourceTree = "<group>";
		};
		C4FD44F11CB26F9000D1B0DB /* BAButtonDemoTests */ = {
			isa = PBXGroup;
			children = (
				C4FD44F21CB26F9000D1B0DB /* BAButtonDemoTests.m */,
				C4FD44F41CB26F9000D1B0DB /* Info.plist */,
			);
			path = BAButtonDemoTests;
			sourceTree = "<group>";
		};
		C4FD44FC1CB26F9000D1B0DB /* BAButtonDemoUITests */ = {
			isa = PBXGroup;
			children = (
				C4FD44FD1CB26F9000D1B0DB /* BAButtonDemoUITests.m */,
				C4FD44FF1CB26F9000D1B0DB /* Info.plist */,
			);
			path = BAButtonDemoUITests;
			sourceTree = "<group>";
		};
		C4FD450F1CB2A50700D1B0DB /* BAButton */ = {
			isa = PBXGroup;
			children = (
				C4FD45111CB2A52700D1B0DB /* BAButton.h */,
				C4FD45101CB2A52700D1B0DB /* BAButton.m */,
				C478698A1ECBFC40006A55B5 /* UIButton+BAKit.h */,
				C478698B1ECBFC40006A55B5 /* UIButton+BAKit.m */,
			);
			path = BAButton;
			sourceTree = "<group>";
		};
/* End PBXGroup section */

/* Begin PBXNativeTarget section */
		C4FD44D41CB26F9000D1B0DB /* BAButtonDemo */ = {
			isa = PBXNativeTarget;
			buildConfigurationList = C4FD45021CB26F9000D1B0DB /* Build configuration list for PBXNativeTarget "BAButtonDemo" */;
			buildPhases = (
				C4FD44D11CB26F9000D1B0DB /* Sources */,
				C4FD44D21CB26F9000D1B0DB /* Frameworks */,
				C4FD44D31CB26F9000D1B0DB /* Resources */,
			);
			buildRules = (
			);
			dependencies = (
			);
			name = BAButtonDemo;
			productName = BAButtonDemo;
			productReference = C4FD44D51CB26F9000D1B0DB /* BAButtonDemo.app */;
			productType = "com.apple.product-type.application";
		};
		C4FD44ED1CB26F9000D1B0DB /* BAButtonDemoTests */ = {
			isa = PBXNativeTarget;
			buildConfigurationList = C4FD45051CB26F9000D1B0DB /* Build configuration list for PBXNativeTarget "BAButtonDemoTests" */;
			buildPhases = (
				C4FD44EA1CB26F9000D1B0DB /* Sources */,
				C4FD44EB1CB26F9000D1B0DB /* Frameworks */,
				C4FD44EC1CB26F9000D1B0DB /* Resources */,
			);
			buildRules = (
			);
			dependencies = (
				C4FD44F01CB26F9000D1B0DB /* PBXTargetDependency */,
			);
			name = BAButtonDemoTests;
			productName = BAButtonDemoTests;
			productReference = C4FD44EE1CB26F9000D1B0DB /* BAButtonDemoTests.xctest */;
			productType = "com.apple.product-type.bundle.unit-test";
		};
		C4FD44F81CB26F9000D1B0DB /* BAButtonDemoUITests */ = {
			isa = PBXNativeTarget;
			buildConfigurationList = C4FD45081CB26F9000D1B0DB /* Build configuration list for PBXNativeTarget "BAButtonDemoUITests" */;
			buildPhases = (
				C4FD44F51CB26F9000D1B0DB /* Sources */,
				C4FD44F61CB26F9000D1B0DB /* Frameworks */,
				C4FD44F71CB26F9000D1B0DB /* Resources */,
			);
			buildRules = (
			);
			dependencies = (
				C4FD44FB1CB26F9000D1B0DB /* PBXTargetDependency */,
			);
			name = BAButtonDemoUITests;
			productName = BAButtonDemoUITests;
			productReference = C4FD44F91CB26F9000D1B0DB /* BAButtonDemoUITests.xctest */;
			productType = "com.apple.product-type.bundle.ui-testing";
		};
/* End PBXNativeTarget section */

/* Begin PBXProject section */
		C4FD44CD1CB26F9000D1B0DB /* Project object */ = {
			isa = PBXProject;
			attributes = {
				LastUpgradeCheck = 0720;
				ORGANIZATIONNAME = "博爱之家";
				TargetAttributes = {
					C4FD44D41CB26F9000D1B0DB = {
						CreatedOnToolsVersion = 7.2.1;
						DevelopmentTeam = 8JQ2PK6XN8;
					};
					C4FD44ED1CB26F9000D1B0DB = {
						CreatedOnToolsVersion = 7.2.1;
						TestTargetID = C4FD44D41CB26F9000D1B0DB;
					};
					C4FD44F81CB26F9000D1B0DB = {
						CreatedOnToolsVersion = 7.2.1;
						TestTargetID = C4FD44D41CB26F9000D1B0DB;
					};
				};
			};
			buildConfigurationList = C4FD44D01CB26F9000D1B0DB /* Build configuration list for PBXProject "BAButtonDemo" */;
			compatibilityVersion = "Xcode 3.2";
			developmentRegion = English;
			hasScannedForEncodings = 0;
			knownRegions = (
				en,
				Base,
			);
			mainGroup = C4FD44CC1CB26F9000D1B0DB;
			productRefGroup = C4FD44D61CB26F9000D1B0DB /* Products */;
			projectDirPath = "";
			projectRoot = "";
			targets = (
				C4FD44D41CB26F9000D1B0DB /* BAButtonDemo */,
				C4FD44ED1CB26F9000D1B0DB /* BAButtonDemoTests */,
				C4FD44F81CB26F9000D1B0DB /* BAButtonDemoUITests */,
			);
		};
/* End PBXProject section */

/* Begin PBXResourcesBuildPhase section */
		C4FD44D31CB26F9000D1B0DB /* Resources */ = {
			isa = PBXResourcesBuildPhase;
			buildActionMask = 2147483647;
			files = (
				C4FD44E81CB26F9000D1B0DB /* LaunchScreen.storyboard in Resources */,
				C4FD44E51CB26F9000D1B0DB /* Assets.xcassets in Resources */,
				C4FD44E31CB26F9000D1B0DB /* Main.storyboard in Resources */,
			);
			runOnlyForDeploymentPostprocessing = 0;
		};
		C4FD44EC1CB26F9000D1B0DB /* Resources */ = {
			isa = PBXResourcesBuildPhase;
			buildActionMask = 2147483647;
			files = (
			);
			runOnlyForDeploymentPostprocessing = 0;
		};
		C4FD44F71CB26F9000D1B0DB /* Resources */ = {
			isa = PBXResourcesBuildPhase;
			buildActionMask = 2147483647;
			files = (
			);
			runOnlyForDeploymentPostprocessing = 0;
		};
/* End PBXResourcesBuildPhase section */

/* Begin PBXSourcesBuildPhase section */
		C4FD44D11CB26F9000D1B0DB /* Sources */ = {
			isa = PBXSourcesBuildPhase;
			buildActionMask = 2147483647;
			files = (
				C4FD45121CB2A52700D1B0DB /* BAButton.m in Sources */,
				C4FD44E01CB26F9000D1B0DB /* ViewController.m in Sources */,
				C4FD44DD1CB26F9000D1B0DB /* AppDelegate.m in Sources */,
				C4FD44DA1CB26F9000D1B0DB /* main.m in Sources */,
				C478698C1ECBFC40006A55B5 /* UIButton+BAKit.m in Sources */,
			);
			runOnlyForDeploymentPostprocessing = 0;
		};
		C4FD44EA1CB26F9000D1B0DB /* Sources */ = {
			isa = PBXSourcesBuildPhase;
			buildActionMask = 2147483647;
			files = (
				C4FD44F31CB26F9000D1B0DB /* BAButtonDemoTests.m in Sources */,
			);
			runOnlyForDeploymentPostprocessing = 0;
		};
		C4FD44F51CB26F9000D1B0DB /* Sources */ = {
			isa = PBXSourcesBuildPhase;
			buildActionMask = 2147483647;
			files = (
				C4FD44FE1CB26F9000D1B0DB /* BAButtonDemoUITests.m in Sources */,
			);
			runOnlyForDeploymentPostprocessing = 0;
		};
/* End PBXSourcesBuildPhase section */

/* Begin PBXTargetDependency section */
		C4FD44F01CB26F9000D1B0DB /* PBXTargetDependency */ = {
			isa = PBXTargetDependency;
			target = C4FD44D41CB26F9000D1B0DB /* BAButtonDemo */;
			targetProxy = C4FD44EF1CB26F9000D1B0DB /* PBXContainerItemProxy */;
		};
		C4FD44FB1CB26F9000D1B0DB /* PBXTargetDependency */ = {
			isa = PBXTargetDependency;
			target = C4FD44D41CB26F9000D1B0DB /* BAButtonDemo */;
			targetProxy = C4FD44FA1CB26F9000D1B0DB /* PBXContainerItemProxy */;
		};
/* End PBXTargetDependency section */

/* Begin PBXVariantGroup section */
		C4FD44E11CB26F9000D1B0DB /* Main.storyboard */ = {
			isa = PBXVariantGroup;
			children = (
				C4FD44E21CB26F9000D1B0DB /* Base */,
			);
			name = Main.storyboard;
			sourceTree = "<group>";
		};
		C4FD44E61CB26F9000D1B0DB /* LaunchScreen.storyboard */ = {
			isa = PBXVariantGroup;
			children = (
				C4FD44E71CB26F9000D1B0DB /* Base */,
			);
			name = LaunchScreen.storyboard;
			sourceTree = "<group>";
		};
/* End PBXVariantGroup section */

/* Begin XCBuildConfiguration section */
		C4FD45001CB26F9000D1B0DB /* Debug */ = {
			isa = XCBuildConfiguration;
			buildSettings = {
				ALWAYS_SEARCH_USER_PATHS = NO;
				CLANG_CXX_LANGUAGE_STANDARD = "gnu++0x";
				CLANG_CXX_LIBRARY = "libc++";
				CLANG_ENABLE_MODULES = YES;
				CLANG_ENABLE_OBJC_ARC = YES;
				CLANG_WARN_BOOL_CONVERSION = YES;
				CLANG_WARN_CONSTANT_CONVERSION = YES;
				CLANG_WARN_DIRECT_OBJC_ISA_USAGE = YES_ERROR;
				CLANG_WARN_EMPTY_BODY = YES;
				CLANG_WARN_ENUM_CONVERSION = YES;
				CLANG_WARN_INT_CONVERSION = YES;
				CLANG_WARN_OBJC_ROOT_CLASS = YES_ERROR;
				CLANG_WARN_UNREACHABLE_CODE = YES;
				CLANG_WARN__DUPLICATE_METHOD_MATCH = YES;
				"CODE_SIGN_IDENTITY[sdk=iphoneos*]" = "iPhone Developer";
				COPY_PHASE_STRIP = NO;
				DEBUG_INFORMATION_FORMAT = dwarf;
				ENABLE_STRICT_OBJC_MSGSEND = YES;
				ENABLE_TESTABILITY = YES;
				GCC_C_LANGUAGE_STANDARD = gnu99;
				GCC_DYNAMIC_NO_PIC = NO;
				GCC_NO_COMMON_BLOCKS = YES;
				GCC_OPTIMIZATION_LEVEL = 0;
				GCC_PREPROCESSOR_DEFINITIONS = (
					"DEBUG=1",
					"$(inherited)",
				);
				GCC_WARN_64_TO_32_BIT_CONVERSION = YES;
				GCC_WARN_ABOUT_RETURN_TYPE = YES_ERROR;
				GCC_WARN_UNDECLARED_SELECTOR = YES;
				GCC_WARN_UNINITIALIZED_AUTOS = YES_AGGRESSIVE;
				GCC_WARN_UNUSED_FUNCTION = YES;
				GCC_WARN_UNUSED_VARIABLE = YES;
				IPHONEOS_DEPLOYMENT_TARGET = 9.2;
				MTL_ENABLE_DEBUG_INFO = YES;
				ONLY_ACTIVE_ARCH = YES;
				SDKROOT = iphoneos;
				TARGETED_DEVICE_FAMILY = "1,2";
			};
			name = Debug;
		};
		C4FD45011CB26F9000D1B0DB /* Release */ = {
			isa = XCBuildConfiguration;
			buildSettings = {
				ALWAYS_SEARCH_USER_PATHS = NO;
				CLANG_CXX_LANGUAGE_STANDARD = "gnu++0x";
				CLANG_CXX_LIBRARY = "libc++";
				CLANG_ENABLE_MODULES = YES;
				CLANG_ENABLE_OBJC_ARC = YES;
				CLANG_WARN_BOOL_CONVERSION = YES;
				CLANG_WARN_CONSTANT_CONVERSION = YES;
				CLANG_WARN_DIRECT_OBJC_ISA_USAGE = YES_ERROR;
				CLANG_WARN_EMPTY_BODY = YES;
				CLANG_WARN_ENUM_CONVERSION = YES;
				CLANG_WARN_INT_CONVERSION = YES;
				CLANG_WARN_OBJC_ROOT_CLASS = YES_ERROR;
				CLANG_WARN_UNREACHABLE_CODE = YES;
				CLANG_WARN__DUPLICATE_METHOD_MATCH = YES;
				"CODE_SIGN_IDENTITY[sdk=iphoneos*]" = "iPhone Developer";
				COPY_PHASE_STRIP = NO;
				DEBUG_INFORMATION_FORMAT = "dwarf-with-dsym";
				ENABLE_NS_ASSERTIONS = NO;
				ENABLE_STRICT_OBJC_MSGSEND = YES;
				GCC_C_LANGUAGE_STANDARD = gnu99;
				GCC_NO_COMMON_BLOCKS = YES;
				GCC_WARN_64_TO_32_BIT_CONVERSION = YES;
				GCC_WARN_ABOUT_RETURN_TYPE = YES_ERROR;
				GCC_WARN_UNDECLARED_SELECTOR = YES;
				GCC_WARN_UNINITIALIZED_AUTOS = YES_AGGRESSIVE;
				GCC_WARN_UNUSED_FUNCTION = YES;
				GCC_WARN_UNUSED_VARIABLE = YES;
				IPHONEOS_DEPLOYMENT_TARGET = 9.2;
				MTL_ENABLE_DEBUG_INFO = NO;
				SDKROOT = iphoneos;
				TARGETED_DEVICE_FAMILY = "1,2";
				VALIDATE_PRODUCT = YES;
			};
			name = Release;
		};
		C4FD45031CB26F9000D1B0DB /* Debug */ = {
			isa = XCBuildConfiguration;
			buildSettings = {
				ASSETCATALOG_COMPILER_APPICON_NAME = AppIcon;
				DEVELOPMENT_TEAM = 8JQ2PK6XN8;
				INFOPLIST_FILE = BAButtonDemo/Info.plist;
				IPHONEOS_DEPLOYMENT_TARGET = 9.0;
				LD_RUNPATH_SEARCH_PATHS = "$(inherited) @executable_path/Frameworks";
				PRODUCT_BUNDLE_IDENTIFIER = boai.BAButtonDemo;
				PRODUCT_NAME = "$(TARGET_NAME)";
			};
			name = Debug;
		};
		C4FD45041CB26F9000D1B0DB /* Release */ = {
			isa = XCBuildConfiguration;
			buildSettings = {
				ASSETCATALOG_COMPILER_APPICON_NAME = AppIcon;
				DEVELOPMENT_TEAM = 8JQ2PK6XN8;
				INFOPLIST_FILE = BAButtonDemo/Info.plist;
				IPHONEOS_DEPLOYMENT_TARGET = 9.0;
				LD_RUNPATH_SEARCH_PATHS = "$(inherited) @executable_path/Frameworks";
				PRODUCT_BUNDLE_IDENTIFIER = boai.BAButtonDemo;
				PRODUCT_NAME = "$(TARGET_NAME)";
			};
			name = Release;
		};
		C4FD45061CB26F9000D1B0DB /* Debug */ = {
			isa = XCBuildConfiguration;
			buildSettings = {
				BUNDLE_LOADER = "$(TEST_HOST)";
				INFOPLIST_FILE = BAButtonDemoTests/Info.plist;
				LD_RUNPATH_SEARCH_PATHS = "$(inherited) @executable_path/Frameworks @loader_path/Frameworks";
				PRODUCT_BUNDLE_IDENTIFIER = boai.BAButtonDemoTests;
				PRODUCT_NAME = "$(TARGET_NAME)";
				TEST_HOST = "$(BUILT_PRODUCTS_DIR)/BAButtonDemo.app/BAButtonDemo";
			};
			name = Debug;
		};
		C4FD45071CB26F9000D1B0DB /* Release */ = {
			isa = XCBuildConfiguration;
			buildSettings = {
				BUNDLE_LOADER = "$(TEST_HOST)";
				INFOPLIST_FILE = BAButtonDemoTests/Info.plist;
				LD_RUNPATH_SEARCH_PATHS = "$(inherited) @executable_path/Frameworks @loader_path/Frameworks";
				PRODUCT_BUNDLE_IDENTIFIER = boai.BAButtonDemoTests;
				PRODUCT_NAME = "$(TARGET_NAME)";
				TEST_HOST = "$(BUILT_PRODUCTS_DIR)/BAButtonDemo.app/BAButtonDemo";
			};
			name = Release;
		};
		C4FD45091CB26F9000D1B0DB /* Debug */ = {
			isa = XCBuildConfiguration;
			buildSettings = {
				INFOPLIST_FILE = BAButtonDemoUITests/Info.plist;
				LD_RUNPATH_SEARCH_PATHS = "$(inherited) @executable_path/Frameworks @loader_path/Frameworks";
				PRODUCT_BUNDLE_IDENTIFIER = boai.BAButtonDemoUITests;
				PRODUCT_NAME = "$(TARGET_NAME)";
				TEST_TARGET_NAME = BAButtonDemo;
				USES_XCTRUNNER = YES;
			};
			name = Debug;
		};
		C4FD450A1CB26F9000D1B0DB /* Release */ = {
			isa = XCBuildConfiguration;
			buildSettings = {
				INFOPLIST_FILE = BAButtonDemoUITests/Info.plist;
				LD_RUNPATH_SEARCH_PATHS = "$(inherited) @executable_path/Frameworks @loader_path/Frameworks";
				PRODUCT_BUNDLE_IDENTIFIER = boai.BAButtonDemoUITests;
				PRODUCT_NAME = "$(TARGET_NAME)";
				TEST_TARGET_NAME = BAButtonDemo;
				USES_XCTRUNNER = YES;
			};
			name = Release;
		};
/* End XCBuildConfiguration section */

/* Begin XCConfigurationList section */
		C4FD44D01CB26F9000D1B0DB /* Build configuration list for PBXProject "BAButtonDemo" */ = {
			isa = XCConfigurationList;
			buildConfigurations = (
				C4FD45001CB26F9000D1B0DB /* Debug */,
				C4FD45011CB26F9000D1B0DB /* Release */,
			);
			defaultConfigurationIsVisible = 0;
			defaultConfigurationName = Release;
		};
		C4FD45021CB26F9000D1B0DB /* Build configuration list for PBXNativeTarget "BAButtonDemo" */ = {
			isa = XCConfigurationList;
			buildConfigurations = (
				C4FD45031CB26F9000D1B0DB /* Debug */,
				C4FD45041CB26F9000D1B0DB /* Release */,
			);
			defaultConfigurationIsVisible = 0;
			defaultConfigurationName = Release;
		};
		C4FD45051CB26F9000D1B0DB /* Build configuration list for PBXNativeTarget "BAButtonDemoTests" */ = {
			isa = XCConfigurationList;
			buildConfigurations = (
				C4FD45061CB26F9000D1B0DB /* Debug */,
				C4FD45071CB26F9000D1B0DB /* Release */,
			);
			defaultConfigurationIsVisible = 0;
			defaultConfigurationName = Release;
		};
		C4FD45081CB26F9000D1B0DB /* Build configuration list for PBXNativeTarget "BAButtonDemoUITests" */ = {
			isa = XCConfigurationList;
			buildConfigurations = (
				C4FD45091CB26F9000D1B0DB /* Debug */,
				C4FD450A1CB26F9000D1B0DB /* Release */,
			);
			defaultConfigurationIsVisible = 0;
			defaultConfigurationName = Release;
		};
/* End XCConfigurationList section */
	};
	rootObject = C4FD44CD1CB26F9000D1B0DB /* Project object */;
}
