// !$*UTF8*$!
{
	archiveVersion = 1;
	classes = {
	};
	objectVersion = 46;
	objects = {

/* Begin PBXBuildFile section */
		C43D260E1EF7631B00CD078C /* UIView+BARectCorner.m in Sources */ = {isa = PBXBuildFile; fileRef = C43D260D1EF7631B00CD078C /* UIView+BARectCorner.m */; };
		C43D26141EF7634900CD078C /* UIButton+BAKit.m in Sources */ = {isa = PBXBuildFile; fileRef = C43D26131EF7634900CD078C /* UIButton+BAKit.m */; };
		C47869A21ECE8249006A55B5 /* main.m in Sources */ = {isa = PBXBuildFile; fileRef = C47869A11ECE8249006A55B5 /* main.m */; };
		C47869A51ECE8249006A55B5 /* AppDelegate.m in Sources */ = {isa = PBXBuildFile; fileRef = C47869A41ECE8249006A55B5 /* AppDelegate.m */; };
		C47869A81ECE8249006A55B5 /* ViewController.m in Sources */ = {isa = PBXBuildFile; fileRef = C47869A71ECE8249006A55B5 /* ViewController.m */; };
		C47869AB1ECE8249006A55B5 /* Main.storyboard in Resources */ = {isa = PBXBuildFile; fileRef = C47869A91ECE8249006A55B5 /* Main.storyboard */; };
		C47869AD1ECE8249006A55B5 /* Assets.xcassets in Resources */ = {isa = PBXBuildFile; fileRef = C47869AC1ECE8249006A55B5 /* Assets.xcassets */; };
		C47869B01ECE8249006A55B5 /* LaunchScreen.storyboard in Resources */ = {isa = PBXBuildFile; fileRef = C47869AE1ECE8249006A55B5 /* LaunchScreen.storyboard */; };
		C49231231ECFDD4A00B61C37 /* ViewController2.xib in Resources */ = {isa = PBXBuildFile; fileRef = C49231221ECFDD4A00B61C37 /* ViewController2.xib */; };
		C49231261ECFDD6300B61C37 /* ViewController2.m in Sources */ = {isa = PBXBuildFile; fileRef = C49231251ECFDD6300B61C37 /* ViewController2.m */; };
		CC5C65971ED97BFB00AE184B /* UIButton+BAState.m in Sources */ = {isa = PBXBuildFile; fileRef = CC5C65941ED97BFB00AE184B /* UIButton+BAState.m */; };
		CC5C65981ED97BFC00AE184B /* UIButton+BACountDown.m in Sources */ = {isa = PBXBuildFile; fileRef = CC5C65961ED97BFB00AE184B /* UIButton+BACountDown.m */; };
		CC5C659C1ED97C6A00AE184B /* ViewController3.m in Sources */ = {isa = PBXBuildFile; fileRef = CC5C659A1ED97C6A00AE184B /* ViewController3.m */; };
		CC5C659D1ED97C6A00AE184B /* ViewController3.xib in Resources */ = {isa = PBXBuildFile; fileRef = CC5C659B1ED97C6A00AE184B /* ViewController3.xib */; };
/* End PBXBuildFile section */

/* Begin PBXFileReference section */
		C43D260C1EF7631B00CD078C /* UIView+BARectCorner.h */ = {isa = PBXFileReference; fileEncoding = 4; lastKnownFileType = sourcecode.c.h; path = "UIView+BARectCorner.h"; sourceTree = "<group>"; };
		C43D260D1EF7631B00CD078C /* UIView+BARectCorner.m */ = {isa = PBXFileReference; fileEncoding = 4; lastKnownFileType = sourcecode.c.objc; path = "UIView+BARectCorner.m"; sourceTree = "<group>"; };
		C43D26121EF7634900CD078C /* UIButton+BAKit.h */ = {isa = PBXFileReference; fileEncoding = 4; lastKnownFileType = sourcecode.c.h; path = "UIButton+BAKit.h"; sourceTree = "<group>"; };
		C43D26131EF7634900CD078C /* UIButton+BAKit.m */ = {isa = PBXFileReference; fileEncoding = 4; lastKnownFileType = sourcecode.c.objc; path = "UIButton+BAKit.m"; sourceTree = "<group>"; };
		C43D26151EF7636F00CD078C /* BAKit_ConfigurationDefine.h */ = {isa = PBXFileReference; fileEncoding = 4; lastKnownFileType = sourcecode.c.h; path = BAKit_ConfigurationDefine.h; sourceTree = "<group>"; };
		C478699D1ECE8249006A55B5 /* BAButton.app */ = {isa = PBXFileReference; explicitFileType = wrapper.application; includeInIndex = 0; path = BAButton.app; sourceTree = BUILT_PRODUCTS_DIR; };
		C47869A11ECE8249006A55B5 /* main.m */ = {isa = PBXFileReference; lastKnownFileType = sourcecode.c.objc; path = main.m; sourceTree = "<group>"; };
		C47869A31ECE8249006A55B5 /* AppDelegate.h */ = {isa = PBXFileReference; lastKnownFileType = sourcecode.c.h; path = AppDelegate.h; sourceTree = "<group>"; };
		C47869A41ECE8249006A55B5 /* AppDelegate.m */ = {isa = PBXFileReference; lastKnownFileType = sourcecode.c.objc; path = AppDelegate.m; sourceTree = "<group>"; };
		C47869A61ECE8249006A55B5 /* ViewController.h */ = {isa = PBXFileReference; lastKnownFileType = sourcecode.c.h; path = ViewController.h; sourceTree = "<group>"; };
		C47869A71ECE8249006A55B5 /* ViewController.m */ = {isa = PBXFileReference; lastKnownFileType = sourcecode.c.objc; path = ViewController.m; sourceTree = "<group>"; };
		C47869AA1ECE8249006A55B5 /* Base */ = {isa = PBXFileReference; lastKnownFileType = file.storyboard; name = Base; path = Base.lproj/Main.storyboard; sourceTree = "<group>"; };
		C47869AC1ECE8249006A55B5 /* Assets.xcassets */ = {isa = PBXFileReference; lastKnownFileType = folder.assetcatalog; path = Assets.xcassets; sourceTree = "<group>"; };
		C47869AF1ECE8249006A55B5 /* Base */ = {isa = PBXFileReference; lastKnownFileType = file.storyboard; name = Base; path = Base.lproj/LaunchScreen.storyboard; sourceTree = "<group>"; };
		C47869B11ECE8249006A55B5 /* Info.plist */ = {isa = PBXFileReference; lastKnownFileType = text.plist.xml; path = Info.plist; sourceTree = "<group>"; };
		C49231211ECFD23900B61C37 /* BAButton.h */ = {isa = PBXFileReference; fileEncoding = 4; lastKnownFileType = sourcecode.c.h; path = BAButton.h; sourceTree = "<group>"; };
		C49231221ECFDD4A00B61C37 /* ViewController2.xib */ = {isa = PBXFileReference; fileEncoding = 4; lastKnownFileType = file.xib; path = ViewController2.xib; sourceTree = "<group>"; };
		C49231241ECFDD6300B61C37 /* ViewController2.h */ = {isa = PBXFileReference; fileEncoding = 4; lastKnownFileType = sourcecode.c.h; path = ViewController2.h; sourceTree = "<group>"; };
		C49231251ECFDD6300B61C37 /* ViewController2.m */ = {isa = PBXFileReference; fileEncoding = 4; lastKnownFileType = sourcecode.c.objc; path = ViewController2.m; sourceTree = "<group>"; };
		CC5C65931ED97BFA00AE184B /* UIButton+BAState.h */ = {isa = PBXFileReference; fileEncoding = 4; lastKnownFileType = sourcecode.c.h; path = "UIButton+BAState.h"; sourceTree = "<group>"; };
		CC5C65941ED97BFB00AE184B /* UIButton+BAState.m */ = {isa = PBXFileReference; fileEncoding = 4; lastKnownFileType = sourcecode.c.objc; path = "UIButton+BAState.m"; sourceTree = "<group>"; };
		CC5C65951ED97BFB00AE184B /* UIButton+BACountDown.h */ = {isa = PBXFileReference; fileEncoding = 4; lastKnownFileType = sourcecode.c.h; path = "UIButton+BACountDown.h"; sourceTree = "<group>"; };
		CC5C65961ED97BFB00AE184B /* UIButton+BACountDown.m */ = {isa = PBXFileReference; fileEncoding = 4; lastKnownFileType = sourcecode.c.objc; path = "UIButton+BACountDown.m"; sourceTree = "<group>"; };
		CC5C65991ED97C6A00AE184B /* ViewController3.h */ = {isa = PBXFileReference; fileEncoding = 4; lastKnownFileType = sourcecode.c.h; path = ViewController3.h; sourceTree = "<group>"; };
		CC5C659A1ED97C6A00AE184B /* ViewController3.m */ = {isa = PBXFileReference; fileEncoding = 4; lastKnownFileType = sourcecode.c.objc; path = ViewController3.m; sourceTree = "<group>"; };
		CC5C659B1ED97C6A00AE184B /* ViewController3.xib */ = {isa = PBXFileReference; fileEncoding = 4; lastKnownFileType = file.xib; path = ViewController3.xib; sourceTree = "<group>"; };
/* End PBXFileReference section */

/* Begin PBXFrameworksBuildPhase section */
		C478699A1ECE8249006A55B5 /* Frameworks */ = {
			isa = PBXFrameworksBuildPhase;
			buildActionMask = 2147483647;
			files = (
			);
			runOnlyForDeploymentPostprocessing = 0;
		};
/* End PBXFrameworksBuildPhase section */

/* Begin PBXGroup section */
		C47869941ECE8249006A55B5 = {
			isa = PBXGroup;
			children = (
				C478699F1ECE8249006A55B5 /* BAButton */,
				C478699E1ECE8249006A55B5 /* Products */,
			);
			sourceTree = "<group>";
		};
		C478699E1ECE8249006A55B5 /* Products */ = {
			isa = PBXGroup;
			children = (
				C478699D1ECE8249006A55B5 /* BAButton.app */,
			);
			name = Products;
			sourceTree = "<group>";
		};
		C478699F1ECE8249006A55B5 /* BAButton */ = {
			isa = PBXGroup;
			children = (
				C47869B71ECE829A006A55B5 /* BAButton */,
				C47869A31ECE8249006A55B5 /* AppDelegate.h */,
				C47869A41ECE8249006A55B5 /* AppDelegate.m */,
				C47869A61ECE8249006A55B5 /* ViewController.h */,
				C47869A71ECE8249006A55B5 /* ViewController.m */,
				C49231241ECFDD6300B61C37 /* ViewController2.h */,
				C49231251ECFDD6300B61C37 /* ViewController2.m */,
				C49231221ECFDD4A00B61C37 /* ViewController2.xib */,
				CC5C65991ED97C6A00AE184B /* ViewController3.h */,
				CC5C659A1ED97C6A00AE184B /* ViewController3.m */,
				CC5C659B1ED97C6A00AE184B /* ViewController3.xib */,
				C47869A91ECE8249006A55B5 /* Main.storyboard */,
				C47869AC1ECE8249006A55B5 /* Assets.xcassets */,
				C47869AE1ECE8249006A55B5 /* LaunchScreen.storyboard */,
				C47869B11ECE8249006A55B5 /* Info.plist */,
				C47869A01ECE8249006A55B5 /* Supporting Files */,
			);
			path = BAButton;
			sourceTree = "<group>";
		};
		C47869A01ECE8249006A55B5 /* Supporting Files */ = {
			isa = PBXGroup;
			children = (
				C47869A11ECE8249006A55B5 /* main.m */,
			);
			name = "Supporting Files";
			sourceTree = "<group>";
		};
		C47869B71ECE829A006A55B5 /* BAButton */ = {
			isa = PBXGroup;
			children = (
				C49231211ECFD23900B61C37 /* BAButton.h */,
				C43D26151EF7636F00CD078C /* BAKit_ConfigurationDefine.h */,
				CC5C65931ED97BFA00AE184B /* UIButton+BAState.h */,
				CC5C65941ED97BFB00AE184B /* UIButton+BAState.m */,
				CC5C65951ED97BFB00AE184B /* UIButton+BACountDown.h */,
				CC5C65961ED97BFB00AE184B /* UIButton+BACountDown.m */,
				C43D260C1EF7631B00CD078C /* UIView+BARectCorner.h */,
				C43D260D1EF7631B00CD078C /* UIView+BARectCorner.m */,
				C43D26121EF7634900CD078C /* UIButton+BAKit.h */,
				C43D26131EF7634900CD078C /* UIButton+BAKit.m */,
			);
			path = BAButton;
			sourceTree = "<group>";
		};
/* End PBXGroup section */

/* Begin PBXNativeTarget section */
		C478699C1ECE8249006A55B5 /* BAButton */ = {
			isa = PBXNativeTarget;
			buildConfigurationList = C47869B41ECE8249006A55B5 /* Build configuration list for PBXNativeTarget "BAButton" */;
			buildPhases = (
				C47869991ECE8249006A55B5 /* Sources */,
				C478699A1ECE8249006A55B5 /* Frameworks */,
				C478699B1ECE8249006A55B5 /* Resources */,
			);
			buildRules = (
			);
			dependencies = (
			);
			name = BAButton;
			productName = BAButton;
			productReference = C478699D1ECE8249006A55B5 /* BAButton.app */;
			productType = "com.apple.product-type.application";
		};
/* End PBXNativeTarget section */

/* Begin PBXProject section */
		C47869951ECE8249006A55B5 /* Project object */ = {
			isa = PBXProject;
			attributes = {
				LastUpgradeCheck = 0830;
				ORGANIZATIONNAME = boai;
				TargetAttributes = {
					C478699C1ECE8249006A55B5 = {
						CreatedOnToolsVersion = 8.3.2;
						DevelopmentTeam = 8JQ2PK6XN8;
						ProvisioningStyle = Automatic;
					};
				};
			};
			buildConfigurationList = C47869981ECE8249006A55B5 /* Build configuration list for PBXProject "BAButton" */;
			compatibilityVersion = "Xcode 3.2";
			developmentRegion = English;
			hasScannedForEncodings = 0;
			knownRegions = (
				en,
				Base,
			);
			mainGroup = C47869941ECE8249006A55B5;
			productRefGroup = C478699E1ECE8249006A55B5 /* Products */;
			projectDirPath = "";
			projectRoot = "";
			targets = (
				C478699C1ECE8249006A55B5 /* BAButton */,
			);
		};
/* End PBXProject section */

/* Begin PBXResourcesBuildPhase section */
		C478699B1ECE8249006A55B5 /* Resources */ = {
			isa = PBXResourcesBuildPhase;
			buildActionMask = 2147483647;
			files = (
				C47869B01ECE8249006A55B5 /* LaunchScreen.storyboard in Resources */,
				C47869AD1ECE8249006A55B5 /* Assets.xcassets in Resources */,
				C49231231ECFDD4A00B61C37 /* ViewController2.xib in Resources */,
				C47869AB1ECE8249006A55B5 /* Main.storyboard in Resources */,
				CC5C659D1ED97C6A00AE184B /* ViewController3.xib in Resources */,
			);
			runOnlyForDeploymentPostprocessing = 0;
		};
/* End PBXResourcesBuildPhase section */

/* Begin PBXSourcesBuildPhase section */
		C47869991ECE8249006A55B5 /* Sources */ = {
			isa = PBXSourcesBuildPhase;
			buildActionMask = 2147483647;
			files = (
				C47869A81ECE8249006A55B5 /* ViewController.m in Sources */,
				CC5C659C1ED97C6A00AE184B /* ViewController3.m in Sources */,
				CC5C65981ED97BFC00AE184B /* UIButton+BACountDown.m in Sources */,
				C43D26141EF7634900CD078C /* UIButton+BAKit.m in Sources */,
				C43D260E1EF7631B00CD078C /* UIView+BARectCorner.m in Sources */,
				C47869A51ECE8249006A55B5 /* AppDelegate.m in Sources */,
				C47869A21ECE8249006A55B5 /* main.m in Sources */,
				C49231261ECFDD6300B61C37 /* ViewController2.m in Sources */,
				CC5C65971ED97BFB00AE184B /* UIButton+BAState.m in Sources */,
			);
			runOnlyForDeploymentPostprocessing = 0;
		};
/* End PBXSourcesBuildPhase section */

/* Begin PBXVariantGroup section */
		C47869A91ECE8249006A55B5 /* Main.storyboard */ = {
			isa = PBXVariantGroup;
			children = (
				C47869AA1ECE8249006A55B5 /* Base */,
			);
			name = Main.storyboard;
			sourceTree = "<group>";
		};
		C47869AE1ECE8249006A55B5 /* LaunchScreen.storyboard */ = {
			isa = PBXVariantGroup;
			children = (
				C47869AF1ECE8249006A55B5 /* Base */,
			);
			name = LaunchScreen.storyboard;
			sourceTree = "<group>";
		};
/* End PBXVariantGroup section */

/* Begin XCBuildConfiguration section */
		C47869B21ECE8249006A55B5 /* Debug */ = {
			isa = XCBuildConfiguration;
			buildSettings = {
				ALWAYS_SEARCH_USER_PATHS = NO;
				CLANG_ANALYZER_NONNULL = YES;
				CLANG_ANALYZER_NUMBER_OBJECT_CONVERSION = YES_AGGRESSIVE;
				CLANG_CXX_LANGUAGE_STANDARD = "gnu++0x";
				CLANG_CXX_LIBRARY = "libc++";
				CLANG_ENABLE_MODULES = YES;
				CLANG_ENABLE_OBJC_ARC = YES;
				CLANG_WARN_BOOL_CONVERSION = YES;
				CLANG_WARN_CONSTANT_CONVERSION = YES;
				CLANG_WARN_DIRECT_OBJC_ISA_USAGE = YES_ERROR;
				CLANG_WARN_DOCUMENTATION_COMMENTS = YES;
				CLANG_WARN_EMPTY_BODY = YES;
				CLANG_WARN_ENUM_CONVERSION = YES;
				CLANG_WARN_INFINITE_RECURSION = YES;
				CLANG_WARN_INT_CONVERSION = YES;
				CLANG_WARN_OBJC_ROOT_CLASS = YES_ERROR;
				CLANG_WARN_SUSPICIOUS_MOVE = YES;
				CLANG_WARN_UNREACHABLE_CODE = YES;
				CLANG_WARN__DUPLICATE_METHOD_MATCH = YES;
				"CODE_SIGN_IDENTITY[sdk=iphoneos*]" = "iPhone Developer";
				COPY_PHASE_STRIP = NO;
				DEBUG_INFORMATION_FORMAT = dwarf;
				ENABLE_STRICT_OBJC_MSGSEND = YES;
				ENABLE_TESTABILITY = YES;
				GCC_C_LANGUAGE_STANDARD = gnu99;
				GCC_DYNAMIC_NO_PIC = NO;
				GCC_NO_COMMON_BLOCKS = YES;
				GCC_OPTIMIZATION_LEVEL = 0;
				GCC_PREPROCESSOR_DEFINITIONS = (
					"DEBUG=1",
					"$(inherited)",
				);
				GCC_WARN_64_TO_32_BIT_CONVERSION = YES;
				GCC_WARN_ABOUT_RETURN_TYPE = YES_ERROR;
				GCC_WARN_UNDECLARED_SELECTOR = YES;
				GCC_WARN_UNINITIALIZED_AUTOS = YES_AGGRESSIVE;
				GCC_WARN_UNUSED_FUNCTION = YES;
				GCC_WARN_UNUSED_VARIABLE = YES;
				IPHONEOS_DEPLOYMENT_TARGET = 10.3;
				MTL_ENABLE_DEBUG_INFO = YES;
				ONLY_ACTIVE_ARCH = YES;
				SDKROOT = iphoneos;
			};
			name = Debug;
		};
		C47869B31ECE8249006A55B5 /* Release */ = {
			isa = XCBuildConfiguration;
			buildSettings = {
				ALWAYS_SEARCH_USER_PATHS = NO;
				CLANG_ANALYZER_NONNULL = YES;
				CLANG_ANALYZER_NUMBER_OBJECT_CONVERSION = YES_AGGRESSIVE;
				CLANG_CXX_LANGUAGE_STANDARD = "gnu++0x";
				CLANG_CXX_LIBRARY = "libc++";
				CLANG_ENABLE_MODULES = YES;
				CLANG_ENABLE_OBJC_ARC = YES;
				CLANG_WARN_BOOL_CONVERSION = YES;
				CLANG_WARN_CONSTANT_CONVERSION = YES;
				CLANG_WARN_DIRECT_OBJC_ISA_USAGE = YES_ERROR;
				CLANG_WARN_DOCUMENTATION_COMMENTS = YES;
				CLANG_WARN_EMPTY_BODY = YES;
				CLANG_WARN_ENUM_CONVERSION = YES;
				CLANG_WARN_INFINITE_RECURSION = YES;
				CLANG_WARN_INT_CONVERSION = YES;
				CLANG_WARN_OBJC_ROOT_CLASS = YES_ERROR;
				CLANG_WARN_SUSPICIOUS_MOVE = YES;
				CLANG_WARN_UNREACHABLE_CODE = YES;
				CLANG_WARN__DUPLICATE_METHOD_MATCH = YES;
				"CODE_SIGN_IDENTITY[sdk=iphoneos*]" = "iPhone Developer";
				COPY_PHASE_STRIP = NO;
				DEBUG_INFORMATION_FORMAT = "dwarf-with-dsym";
				ENABLE_NS_ASSERTIONS = NO;
				ENABLE_STRICT_OBJC_MSGSEND = YES;
				GCC_C_LANGUAGE_STANDARD = gnu99;
				GCC_NO_COMMON_BLOCKS = YES;
				GCC_WARN_64_TO_32_BIT_CONVERSION = YES;
				GCC_WARN_ABOUT_RETURN_TYPE = YES_ERROR;
				GCC_WARN_UNDECLARED_SELECTOR = YES;
				GCC_WARN_UNINITIALIZED_AUTOS = YES_AGGRESSIVE;
				GCC_WARN_UNUSED_FUNCTION = YES;
				GCC_WARN_UNUSED_VARIABLE = YES;
				IPHONEOS_DEPLOYMENT_TARGET = 10.3;
				MTL_ENABLE_DEBUG_INFO = NO;
				SDKROOT = iphoneos;
				VALIDATE_PRODUCT = YES;
			};
			name = Release;
		};
		C47869B51ECE8249006A55B5 /* Debug */ = {
			isa = XCBuildConfiguration;
			buildSettings = {
				ASSETCATALOG_COMPILER_APPICON_NAME = AppIcon;
				DEVELOPMENT_TEAM = 8JQ2PK6XN8;
				INFOPLIST_FILE = BAButton/Info.plist;
				IPHONEOS_DEPLOYMENT_TARGET = 8.0;
				LD_RUNPATH_SEARCH_PATHS = "$(inherited) @executable_path/Frameworks";
				PRODUCT_BUNDLE_IDENTIFIER = com.boaihome.BAButton;
				PRODUCT_NAME = "$(TARGET_NAME)";
			};
			name = Debug;
		};
		C47869B61ECE8249006A55B5 /* Release */ = {
			isa = XCBuildConfiguration;
			buildSettings = {
				ASSETCATALOG_COMPILER_APPICON_NAME = AppIcon;
				DEVELOPMENT_TEAM = 8JQ2PK6XN8;
				INFOPLIST_FILE = BAButton/Info.plist;
				IPHONEOS_DEPLOYMENT_TARGET = 8.0;
				LD_RUNPATH_SEARCH_PATHS = "$(inherited) @executable_path/Frameworks";
				PRODUCT_BUNDLE_IDENTIFIER = com.boaihome.BAButton;
				PRODUCT_NAME = "$(TARGET_NAME)";
			};
			name = Release;
		};
/* End XCBuildConfiguration section */

/* Begin XCConfigurationList section */
		C47869981ECE8249006A55B5 /* Build configuration list for PBXProject "BAButton" */ = {
			isa = XCConfigurationList;
			buildConfigurations = (
				C47869B21ECE8249006A55B5 /* Debug */,
				C47869B31ECE8249006A55B5 /* Release */,
			);
			defaultConfigurationIsVisible = 0;
			defaultConfigurationName = Release;
		};
		C47869B41ECE8249006A55B5 /* Build configuration list for PBXNativeTarget "BAButton" */ = {
			isa = XCConfigurationList;
			buildConfigurations = (
				C47869B51ECE8249006A55B5 /* Debug */,
				C47869B61ECE8249006A55B5 /* Release */,
			);
			defaultConfigurationIsVisible = 0;
			defaultConfigurationName = Release;
		};
/* End XCConfigurationList section */
	};
	rootObject = C47869951ECE8249006A55B5 /* Project object */;
}
